
Microsoft Visual Studio Solution File, Format Version 12.00
# Visual Studio Version 16
VisualStudioVersion = 16.0.30804.86
MinimumVisualStudioVersion = 10.0.40219.1
Project("{FAE04EC0-301F-11D3-BF4B-00C04F79EFBC}") = "SacramentPlanner", "SacramentPlanner.csproj", "{1F5EA054-9A59-4C6A-BE1D-CC39B009015A}"
EndProject
Global
	GlobalSection(SolutionConfigurationPlatforms) = preSolution
		Debug|Any CPU = Debug|Any CPU
		Release|Any CPU = Release|Any CPU
	EndGlobalSection
	GlobalSection(ProjectConfigurationPlatforms) = postSolution
		{1F5EA054-9A59-4C6A-BE1D-CC39B009015A}.Debug|Any CPU.ActiveCfg = Debug|Any CPU
		{1F5EA054-9A59-4C6A-BE1D-CC39B009015A}.Debug|Any CPU.Build.0 = Debug|Any CPU
		{1F5EA054-9A59-4C6A-BE1D-CC39B009015A}.Release|Any CPU.ActiveCfg = Release|Any CPU
		{1F5EA054-9A59-4C6A-BE1D-CC39B009015A}.Release|Any CPU.Build.0 = Release|Any CPU
	EndGlobalSection
	GlobalSection(SolutionProperties) = preSolution
		HideSolutionNode = FALSE
	EndGlobalSection
	GlobalSection(ExtensibilityGlobals) = postSolution
		SolutionGuid = {C1106D67-D1E9-4292-BE86-0DE3BA046D9E}
	EndGlobalSection
EndGlobal
